<Solution>
  <Folder Name="/Libraries/">
    <Project Path="Libraries/StealthDesk.Libraries.Api.Contracts/StealthDesk.Libraries.Api.Contracts.csproj" />
    <Project Path="Libraries/StealthDesk.Libraries.Branding/StealthDesk.Libraries.Branding.csproj" />
    <Project Path="Libraries/StealthDesk.Libraries.DataRedaction/StealthDesk.Libraries.DataRedaction.csproj" />
    <Project Path="Libraries/StealthDesk.Libraries.Hosting/StealthDesk.Libraries.Hosting.csproj" />
    <Project Path="Libraries/StealthDesk.Libraries.Shared/StealthDesk.Libraries.Shared.csproj" />
    <Project Path="Libraries/StealthDesk.Libraries.Signalr.Client/StealthDesk.Libraries.Signalr.Client.csproj" />
    <Project Path="Libraries/StealthDesk.Libraries.TestingUtilities/StealthDesk.Libraries.TestingUtilities.csproj" />
  </Folder>
  <Folder Name="/StealthDesk.Web.Server/" />
  <Folder Name="/Tests/">
    <Project Path="Tests/StealthDesk.Libraries.Branding.Tests/StealthDesk.Libraries.Branding.Tests.csproj" />
    <Project Path="Tests/StealthDesk.Libraries.Shared.Tests/StealthDesk.Libraries.Shared.Tests.csproj" />
    <Project Path="Tests/StealthDesk.Web.Server.Tests/StealthDesk.Web.Server.Tests.csproj" />
  </Folder>
  <Project Path="StealthDesk.Web.Client/StealthDesk.Web.Client.csproj" />
  <Project Path="StealthDesk.Web.Server/StealthDesk.Web.Server.csproj" />
  <Project Path="StealthDesk.Web.ServiceDefaults/StealthDesk.Web.ServiceDefaults.csproj" />
</Solution>
