<Solution>
  <Folder Name="/agent/">
    <Project Path="agent/StealthDesk.Agent/StealthDesk.Agent.csproj" />
    <Project Path="agent/StealthDesk.Agent.Core/StealthDesk.Agent.Core.csproj" />
    <Project Path="agent/StealthDesk.Agent.Windows/StealthDesk.Agent.Windows.csproj" />
  </Folder>
  <Folder Name="/backend/">
    <Project Path="backend/StealthDesk.Web.Server/StealthDesk.Web.Server.csproj" />
  </Folder>
  <Folder Name="/frontend/">
    <Project Path="frontend/StealthDesk.Web.Client/StealthDesk.Web.Client.csproj" />
  </Folder>
  <Folder Name="/shared/">
    <Project Path="shared/StealthDesk.Branding/StealthDesk.Branding.csproj" />
    <Project Path="shared/StealthDesk.Contracts/StealthDesk.Contracts.csproj" />
    <Project Path="shared/StealthDesk.Core/StealthDesk.Core.csproj" />
    <Project Path="shared/StealthDesk.Hosting/StealthDesk.Hosting.csproj" />
    <Project Path="shared/StealthDesk.Observability/StealthDesk.Observability.csproj" />
    <Project Path="shared/StealthDesk.Realtime/StealthDesk.Realtime.csproj" />
  </Folder>
  <Folder Name="/tests/">
    <Project Path="tests/StealthDesk.Agent.Tests/StealthDesk.Agent.Tests.csproj" />
    <Project Path="tests/StealthDesk.Server.Tests/StealthDesk.Server.Tests.csproj" />
    <Project Path="tests/StealthDesk.Shared.Tests/StealthDesk.Shared.Tests.csproj" />
    <Project Path="tests/StealthDesk.Web.Client.Tests/StealthDesk.Web.Client.Tests.csproj" />
  </Folder>
</Solution>
